// !$*UTF8*$!
{
	archiveVersion = 1;
	classes = {
	};
	objectVersion = 48;
	objects = {

/* Begin PBXBuildFile section */
		66522B41FFE0BD5E7AC84D16 /* Pods_WordCounter.framework in Frameworks */ = {isa = PBXBuildFile; fileRef = 4A7B9330EFE73515666DA96C /* Pods_WordCounter.framework */; };
		6913247F2007125F006F3F25 /* AppDelegate.swift in Sources */ = {isa = PBXBuildFile; fileRef = 6913247E2007125F006F3F25 /* AppDelegate.swift */; };
		691324812007125F006F3F25 /* ViewController.swift in Sources */ = {isa = PBXBuildFile; fileRef = 691324802007125F006F3F25 /* ViewController.swift */; };
		691324862007125F006F3F25 /* Assets.xcassets in Resources */ = {isa = PBXBuildFile; fileRef = 691324852007125F006F3F25 /* Assets.xcassets */; };
		691324892007125F006F3F25 /* LaunchScreen.storyboard in Resources */ = {isa = PBXBuildFile; fileRef = 691324872007125F006F3F25 /* LaunchScreen.storyboard */; };
		69132491200712B1006F3F25 /* speeches.json in Resources */ = {isa = PBXBuildFile; fileRef = 69132490200712B1006F3F25 /* speeches.json */; };
		69C44D1F2007E42D00C746EA /* SpeechModule.swift in Sources */ = {isa = PBXBuildFile; fileRef = 69C44D1E2007E42D00C746EA /* SpeechModule.swift */; };
		69C44D242007E64C00C746EA /* SpeechsViewController.swift in Sources */ = {isa = PBXBuildFile; fileRef = 69C44D222007E64C00C746EA /* SpeechsViewController.swift */; };
		69C44D252007E64C00C746EA /* SpeechsViewController.xib in Resources */ = {isa = PBXBuildFile; fileRef = 69C44D232007E64C00C746EA /* SpeechsViewController.xib */; };
		69C44D292007E75200C746EA /* SpeechRouter.swift in Sources */ = {isa = PBXBuildFile; fileRef = 69C44D282007E75200C746EA /* SpeechRouter.swift */; };
		69C44D332007EA5600C746EA /* WordCounterTests.swift in Sources */ = {isa = PBXBuildFile; fileRef = 69C44D322007EA5600C746EA /* WordCounterTests.swift */; };
		69C44D3B2007EBDD00C746EA /* SpeechInteractor.swift in Sources */ = {isa = PBXBuildFile; fileRef = 69C44D3A2007EBDD00C746EA /* SpeechInteractor.swift */; };
		69C44D3D2007EBE300C746EA /* Speech.swift in Sources */ = {isa = PBXBuildFile; fileRef = 69C44D3C2007EBE300C746EA /* Speech.swift */; };
		69C44D3F2007EBEF00C746EA /* SpeechPresenter.swift in Sources */ = {isa = PBXBuildFile; fileRef = 69C44D3E2007EBEF00C746EA /* SpeechPresenter.swift */; };
		69C44D412007EC0900C746EA /* SpeechAPI.swift in Sources */ = {isa = PBXBuildFile; fileRef = 69C44D402007EC0900C746EA /* SpeechAPI.swift */; };
		69C44D452007ECC800C746EA /* SpeechTableViewCell.swift in Sources */ = {isa = PBXBuildFile; fileRef = 69C44D432007ECC800C746EA /* SpeechTableViewCell.swift */; };
		69C44D462007ECC800C746EA /* SpeechTableViewCell.xib in Resources */ = {isa = PBXBuildFile; fileRef = 69C44D442007ECC800C746EA /* SpeechTableViewCell.xib */; };
		69C44D492007EDC500C746EA /* Localizable.strings in Resources */ = {isa = PBXBuildFile; fileRef = 69C44D4B2007EDC500C746EA /* Localizable.strings */; };
		69C44D4E2007EDF300C746EA /* LanguageString.swift in Sources */ = {isa = PBXBuildFile; fileRef = 69C44D4D2007EDF300C746EA /* LanguageString.swift */; };
		69C44D502007F04B00C746EA /* SpeechsDataSource.swift in Sources */ = {isa = PBXBuildFile; fileRef = 69C44D4F2007F04B00C746EA /* SpeechsDataSource.swift */; };
		B350B82B7E60375FF6F731DC /* Pods_WordCounterTests.framework in Frameworks */ = {isa = PBXBuildFile; fileRef = DA85CEC53F43A92E4A14CA78 /* Pods_WordCounterTests.framework */; };
/* End PBXBuildFile section */

/* Begin PBXContainerItemProxy section */
		69C44D352007EA5600C746EA /* PBXContainerItemProxy */ = {
			isa = PBXContainerItemProxy;
			containerPortal = 691324732007125F006F3F25 /* Project object */;
			proxyType = 1;
			remoteGlobalIDString = 6913247A2007125F006F3F25;
			remoteInfo = WordCounter;
		};
/* End PBXContainerItemProxy section */

/* Begin PBXFileReference section */
		4A7B9330EFE73515666DA96C /* Pods_WordCounter.framework */ = {isa = PBXFileReference; explicitFileType = wrapper.framework; includeInIndex = 0; path = Pods_WordCounter.framework; sourceTree = BUILT_PRODUCTS_DIR; };
		64D681F2F2CE42C22ECD42F8 /* Pods-WordCounterTests.release.xcconfig */ = {isa = PBXFileReference; includeInIndex = 1; lastKnownFileType = text.xcconfig; name = "Pods-WordCounterTests.release.xcconfig"; path = "Pods/Target Support Files/Pods-WordCounterTests/Pods-WordCounterTests.release.xcconfig"; sourceTree = "<group>"; };
		6913247B2007125F006F3F25 /* WordCounter.app */ = {isa = PBXFileReference; explicitFileType = wrapper.application; includeInIndex = 0; path = WordCounter.app; sourceTree = BUILT_PRODUCTS_DIR; };
		6913247E2007125F006F3F25 /* AppDelegate.swift */ = {isa = PBXFileReference; lastKnownFileType = sourcecode.swift; path = AppDelegate.swift; sourceTree = "<group>"; };
		691324802007125F006F3F25 /* ViewController.swift */ = {isa = PBXFileReference; lastKnownFileType = sourcecode.swift; path = ViewController.swift; sourceTree = "<group>"; };
		691324852007125F006F3F25 /* Assets.xcassets */ = {isa = PBXFileReference; lastKnownFileType = folder.assetcatalog; path = Assets.xcassets; sourceTree = "<group>"; };
		691324882007125F006F3F25 /* Base */ = {isa = PBXFileReference; lastKnownFileType = file.storyboard; name = Base; path = Base.lproj/LaunchScreen.storyboard; sourceTree = "<group>"; };
		6913248A2007125F006F3F25 /* Info.plist */ = {isa = PBXFileReference; lastKnownFileType = text.plist.xml; path = Info.plist; sourceTree = "<group>"; };
		69132490200712B1006F3F25 /* speeches.json */ = {isa = PBXFileReference; fileEncoding = 4; lastKnownFileType = text.json; path = speeches.json; sourceTree = "<group>"; };
		69C44D1E2007E42D00C746EA /* SpeechModule.swift */ = {isa = PBXFileReference; lastKnownFileType = sourcecode.swift; path = SpeechModule.swift; sourceTree = "<group>"; };
		69C44D222007E64C00C746EA /* SpeechsViewController.swift */ = {isa = PBXFileReference; lastKnownFileType = sourcecode.swift; path = SpeechsViewController.swift; sourceTree = "<group>"; };
		69C44D232007E64C00C746EA /* SpeechsViewController.xib */ = {isa = PBXFileReference; lastKnownFileType = file.xib; path = SpeechsViewController.xib; sourceTree = "<group>"; };
		69C44D282007E75200C746EA /* SpeechRouter.swift */ = {isa = PBXFileReference; lastKnownFileType = sourcecode.swift; path = SpeechRouter.swift; sourceTree = "<group>"; };
		69C44D302007EA5600C746EA /* WordCounterTests.xctest */ = {isa = PBXFileReference; explicitFileType = wrapper.cfbundle; includeInIndex = 0; path = WordCounterTests.xctest; sourceTree = BUILT_PRODUCTS_DIR; };
		69C44D322007EA5600C746EA /* WordCounterTests.swift */ = {isa = PBXFileReference; lastKnownFileType = sourcecode.swift; path = WordCounterTests.swift; sourceTree = "<group>"; };
		69C44D342007EA5600C746EA /* Info.plist */ = {isa = PBXFileReference; lastKnownFileType = text.plist.xml; path = Info.plist; sourceTree = "<group>"; };
		69C44D3A2007EBDD00C746EA /* SpeechInteractor.swift */ = {isa = PBXFileReference; lastKnownFileType = sourcecode.swift; path = SpeechInteractor.swift; sourceTree = "<group>"; };
		69C44D3C2007EBE300C746EA /* Speech.swift */ = {isa = PBXFileReference; lastKnownFileType = sourcecode.swift; path = Speech.swift; sourceTree = "<group>"; };
		69C44D3E2007EBEF00C746EA /* SpeechPresenter.swift */ = {isa = PBXFileReference; lastKnownFileType = sourcecode.swift; path = SpeechPresenter.swift; sourceTree = "<group>"; };
		69C44D402007EC0900C746EA /* SpeechAPI.swift */ = {isa = PBXFileReference; lastKnownFileType = sourcecode.swift; path = SpeechAPI.swift; sourceTree = "<group>"; };
		69C44D432007ECC800C746EA /* SpeechTableViewCell.swift */ = {isa = PBXFileReference; lastKnownFileType = sourcecode.swift; path = SpeechTableViewCell.swift; sourceTree = "<group>"; };
		69C44D442007ECC800C746EA /* SpeechTableViewCell.xib */ = {isa = PBXFileReference; lastKnownFileType = file.xib; path = SpeechTableViewCell.xib; sourceTree = "<group>"; };
		69C44D4A2007EDC500C746EA /* en */ = {isa = PBXFileReference; lastKnownFileType = text.plist.strings; name = en; path = en.lproj/Localizable.strings; sourceTree = "<group>"; };
		69C44D4D2007EDF300C746EA /* LanguageString.swift */ = {isa = PBXFileReference; lastKnownFileType = sourcecode.swift; path = LanguageString.swift; sourceTree = "<group>"; };
		69C44D4F2007F04B00C746EA /* SpeechsDataSource.swift */ = {isa = PBXFileReference; lastKnownFileType = sourcecode.swift; path = SpeechsDataSource.swift; sourceTree = "<group>"; };
		6EDCD248AE6D43DAE7CFB15C /* Pods-WordCounter.release.xcconfig */ = {isa = PBXFileReference; includeInIndex = 1; lastKnownFileType = text.xcconfig; name = "Pods-WordCounter.release.xcconfig"; path = "Pods/Target Support Files/Pods-WordCounter/Pods-WordCounter.release.xcconfig"; sourceTree = "<group>"; };
		AE8289364A46062089A417D7 /* Pods-WordCounter.debug.xcconfig */ = {isa = PBXFileReference; includeInIndex = 1; lastKnownFileType = text.xcconfig; name = "Pods-WordCounter.debug.xcconfig"; path = "Pods/Target Support Files/Pods-WordCounter/Pods-WordCounter.debug.xcconfig"; sourceTree = "<group>"; };
		BD6513A1A5CDFC3C33835ADD /* Pods-WordCounterTests.debug.xcconfig */ = {isa = PBXFileReference; includeInIndex = 1; lastKnownFileType = text.xcconfig; name = "Pods-WordCounterTests.debug.xcconfig"; path = "Pods/Target Support Files/Pods-WordCounterTests/Pods-WordCounterTests.debug.xcconfig"; sourceTree = "<group>"; };
		DA85CEC53F43A92E4A14CA78 /* Pods_WordCounterTests.framework */ = {isa = PBXFileReference; explicitFileType = wrapper.framework; includeInIndex = 0; path = Pods_WordCounterTests.framework; sourceTree = BUILT_PRODUCTS_DIR; };
/* End PBXFileReference section */

/* Begin PBXFrameworksBuildPhase section */
		691324782007125F006F3F25 /* Frameworks */ = {
			isa = PBXFrameworksBuildPhase;
			buildActionMask = 2147483647;
			files = (
				66522B41FFE0BD5E7AC84D16 /* Pods_WordCounter.framework in Frameworks */,
			);
			runOnlyForDeploymentPostprocessing = 0;
		};
		69C44D2D2007EA5600C746EA /* Frameworks */ = {
			isa = PBXFrameworksBuildPhase;
			buildActionMask = 2147483647;
			files = (
				B350B82B7E60375FF6F731DC /* Pods_WordCounterTests.framework in Frameworks */,
			);
			runOnlyForDeploymentPostprocessing = 0;
		};
/* End PBXFrameworksBuildPhase section */

/* Begin PBXGroup section */
		691324722007125F006F3F25 = {
			isa = PBXGroup;
			children = (
				6913247D2007125F006F3F25 /* WordCounter */,
				69C44D312007EA5600C746EA /* WordCounterTests */,
				6913247C2007125F006F3F25 /* Products */,
				81C6943E2F52F260929B54F2 /* Pods */,
				8C5CD1E9A545B79E788B88AD /* Frameworks */,
			);
			sourceTree = "<group>";
		};
		6913247C2007125F006F3F25 /* Products */ = {
			isa = PBXGroup;
			children = (
				6913247B2007125F006F3F25 /* WordCounter.app */,
				69C44D302007EA5600C746EA /* WordCounterTests.xctest */,
			);
			name = Products;
			sourceTree = "<group>";
		};
		6913247D2007125F006F3F25 /* WordCounter */ = {
			isa = PBXGroup;
			children = (
				69C44D162007E35A00C746EA /* Application */,
				69C44D172007E36500C746EA /* Resources */,
				69C44D2B2007E8A400C746EA /* Supporting Files */,
				6913247E2007125F006F3F25 /* AppDelegate.swift */,
			);
			path = WordCounter;
			sourceTree = "<group>";
		};
		69C44D162007E35A00C746EA /* Application */ = {
			isa = PBXGroup;
			children = (
				69C44D202007E43900C746EA /* API */,
				69C44D212007E43F00C746EA /* Modules */,
				691324802007125F006F3F25 /* ViewController.swift */,
			);
			path = Application;
			sourceTree = "<group>";
		};
		69C44D172007E36500C746EA /* Resources */ = {
			isa = PBXGroup;
			children = (
				69C44D4C2007EDDE00C746EA /* Localizable */,
				69132490200712B1006F3F25 /* speeches.json */,
				691324852007125F006F3F25 /* Assets.xcassets */,
			);
			path = Resources;
			sourceTree = "<group>";
		};
		69C44D182007E3CB00C746EA /* SpeechModule */ = {
			isa = PBXGroup;
			children = (
				69C44D1E2007E42D00C746EA /* SpeechModule.swift */,
				69C44D192007E3D700C746EA /* Interactor */,
				69C44D1D2007E41100C746EA /* Entity */,
				69C44D1A2007E3E300C746EA /* Presenter */,
				69C44D1B2007E3E700C746EA /* Router */,
				69C44D1C2007E3F200C746EA /* View */,
			);
			path = SpeechModule;
			sourceTree = "<group>";
		};
		69C44D192007E3D700C746EA /* Interactor */ = {
			isa = PBXGroup;
			children = (
				69C44D3A2007EBDD00C746EA /* SpeechInteractor.swift */,
			);
			path = Interactor;
			sourceTree = "<group>";
		};
		69C44D1A2007E3E300C746EA /* Presenter */ = {
			isa = PBXGroup;
			children = (
				69C44D3E2007EBEF00C746EA /* SpeechPresenter.swift */,
			);
			path = Presenter;
			sourceTree = "<group>";
		};
		69C44D1B2007E3E700C746EA /* Router */ = {
			isa = PBXGroup;
			children = (
				69C44D282007E75200C746EA /* SpeechRouter.swift */,
			);
			path = Router;
			sourceTree = "<group>";
		};
		69C44D1C2007E3F200C746EA /* View */ = {
			isa = PBXGroup;
			children = (
				69C44D262007E65000C746EA /* Speechs */,
				69C44D272007E65A00C746EA /* Detail */,
			);
			path = View;
			sourceTree = "<group>";
		};
		69C44D1D2007E41100C746EA /* Entity */ = {
			isa = PBXGroup;
			children = (
				69C44D3C2007EBE300C746EA /* Speech.swift */,
			);
			path = Entity;
			sourceTree = "<group>";
		};
		69C44D202007E43900C746EA /* API */ = {
			isa = PBXGroup;
			children = (
				69C44D402007EC0900C746EA /* SpeechAPI.swift */,
			);
			path = API;
			sourceTree = "<group>";
		};
		69C44D212007E43F00C746EA /* Modules */ = {
			isa = PBXGroup;
			children = (
				69C44D182007E3CB00C746EA /* SpeechModule */,
			);
			path = Modules;
			sourceTree = "<group>";
		};
		69C44D262007E65000C746EA /* Speechs */ = {
			isa = PBXGroup;
			children = (
				69C44D422007ECB300C746EA /* Cell */,
				69C44D222007E64C00C746EA /* SpeechsViewController.swift */,
				69C44D4F2007F04B00C746EA /* SpeechsDataSource.swift */,
				69C44D232007E64C00C746EA /* SpeechsViewController.xib */,
			);
			path = Speechs;
			sourceTree = "<group>";
		};
		69C44D272007E65A00C746EA /* Detail */ = {
			isa = PBXGroup;
			children = (
			);
			path = Detail;
			sourceTree = "<group>";
		};
		69C44D2B2007E8A400C746EA /* Supporting Files */ = {
			isa = PBXGroup;
			children = (
				691324872007125F006F3F25 /* LaunchScreen.storyboard */,
				6913248A2007125F006F3F25 /* Info.plist */,
			);
			name = "Supporting Files";
			sourceTree = "<group>";
		};
		69C44D312007EA5600C746EA /* WordCounterTests */ = {
			isa = PBXGroup;
			children = (
				69C44D322007EA5600C746EA /* WordCounterTests.swift */,
				69C44D342007EA5600C746EA /* Info.plist */,
			);
			path = WordCounterTests;
			sourceTree = "<group>";
		};
		69C44D422007ECB300C746EA /* Cell */ = {
			isa = PBXGroup;
			children = (
				69C44D432007ECC800C746EA /* SpeechTableViewCell.swift */,
				69C44D442007ECC800C746EA /* SpeechTableViewCell.xib */,
			);
			path = Cell;
			sourceTree = "<group>";
		};
		69C44D4C2007EDDE00C746EA /* Localizable */ = {
			isa = PBXGroup;
			children = (
				69C44D4D2007EDF300C746EA /* LanguageString.swift */,
				69C44D4B2007EDC500C746EA /* Localizable.strings */,
			);
			path = Localizable;
			sourceTree = "<group>";
		};
		81C6943E2F52F260929B54F2 /* Pods */ = {
			isa = PBXGroup;
			children = (
				AE8289364A46062089A417D7 /* Pods-WordCounter.debug.xcconfig */,
				6EDCD248AE6D43DAE7CFB15C /* Pods-WordCounter.release.xcconfig */,
				BD6513A1A5CDFC3C33835ADD /* Pods-WordCounterTests.debug.xcconfig */,
				64D681F2F2CE42C22ECD42F8 /* Pods-WordCounterTests.release.xcconfig */,
			);
			name = Pods;
			sourceTree = "<group>";
		};
		8C5CD1E9A545B79E788B88AD /* Frameworks */ = {
			isa = PBXGroup;
			children = (
				4A7B9330EFE73515666DA96C /* Pods_WordCounter.framework */,
				DA85CEC53F43A92E4A14CA78 /* Pods_WordCounterTests.framework */,
			);
			name = Frameworks;
			sourceTree = "<group>";
		};
/* End PBXGroup section */

/* Begin PBXNativeTarget section */
		6913247A2007125F006F3F25 /* WordCounter */ = {
			isa = PBXNativeTarget;
			buildConfigurationList = 6913248D2007125F006F3F25 /* Build configuration list for PBXNativeTarget "WordCounter" */;
			buildPhases = (
				965375A5217AACE693DFE4B9 /* [CP] Check Pods Manifest.lock */,
				691324772007125F006F3F25 /* Sources */,
				691324782007125F006F3F25 /* Frameworks */,
				691324792007125F006F3F25 /* Resources */,
				397929237217AA4812B68C9F /* [CP] Embed Pods Frameworks */,
				30194BAA708BA46EB3BE4D77 /* [CP] Copy Pods Resources */,
			);
			buildRules = (
			);
			dependencies = (
			);
			name = WordCounter;
			productName = WordCounter;
			productReference = 6913247B2007125F006F3F25 /* WordCounter.app */;
			productType = "com.apple.product-type.application";
		};
		69C44D2F2007EA5600C746EA /* WordCounterTests */ = {
			isa = PBXNativeTarget;
			buildConfigurationList = 69C44D372007EA5600C746EA /* Build configuration list for PBXNativeTarget "WordCounterTests" */;
			buildPhases = (
				0AF0D93AA8362CC38DA27CC5 /* [CP] Check Pods Manifest.lock */,
				69C44D2C2007EA5600C746EA /* Sources */,
				69C44D2D2007EA5600C746EA /* Frameworks */,
				69C44D2E2007EA5600C746EA /* Resources */,
				039F000191E60918BAB1D370 /* [CP] Embed Pods Frameworks */,
				9D4D81E656C4AB0BC80186EE /* [CP] Copy Pods Resources */,
			);
			buildRules = (
			);
			dependencies = (
				69C44D362007EA5600C746EA /* PBXTargetDependency */,
			);
			name = WordCounterTests;
			productName = WordCounterTests;
			productReference = 69C44D302007EA5600C746EA /* WordCounterTests.xctest */;
			productType = "com.apple.product-type.bundle.unit-test";
		};
/* End PBXNativeTarget section */

/* Begin PBXProject section */
		691324732007125F006F3F25 /* Project object */ = {
			isa = PBXProject;
			attributes = {
				LastSwiftUpdateCheck = 0920;
				LastUpgradeCheck = 0920;
				ORGANIZATIONNAME = Arturo;
				TargetAttributes = {
					6913247A2007125F006F3F25 = {
						CreatedOnToolsVersion = 9.2;
						ProvisioningStyle = Automatic;
					};
					69C44D2F2007EA5600C746EA = {
						CreatedOnToolsVersion = 9.2;
						ProvisioningStyle = Automatic;
						TestTargetID = 6913247A2007125F006F3F25;
					};
				};
			};
			buildConfigurationList = 691324762007125F006F3F25 /* Build configuration list for PBXProject "WordCounter" */;
			compatibilityVersion = "Xcode 8.0";
			developmentRegion = en;
			hasScannedForEncodings = 0;
			knownRegions = (
				en,
				Base,
			);
			mainGroup = 691324722007125F006F3F25;
			productRefGroup = 6913247C2007125F006F3F25 /* Products */;
			projectDirPath = "";
			projectRoot = "";
			targets = (
				6913247A2007125F006F3F25 /* WordCounter */,
				69C44D2F2007EA5600C746EA /* WordCounterTests */,
			);
		};
/* End PBXProject section */

/* Begin PBXResourcesBuildPhase section */
		691324792007125F006F3F25 /* Resources */ = {
			isa = PBXResourcesBuildPhase;
			buildActionMask = 2147483647;
			files = (
				69C44D462007ECC800C746EA /* SpeechTableViewCell.xib in Resources */,
				69C44D492007EDC500C746EA /* Localizable.strings in Resources */,
				69C44D252007E64C00C746EA /* SpeechsViewController.xib in Resources */,
				691324892007125F006F3F25 /* LaunchScreen.storyboard in Resources */,
				69132491200712B1006F3F25 /* speeches.json in Resources */,
				691324862007125F006F3F25 /* Assets.xcassets in Resources */,
			);
			runOnlyForDeploymentPostprocessing = 0;
		};
		69C44D2E2007EA5600C746EA /* Resources */ = {
			isa = PBXResourcesBuildPhase;
			buildActionMask = 2147483647;
			files = (
			);
			runOnlyForDeploymentPostprocessing = 0;
		};
/* End PBXResourcesBuildPhase section */

/* Begin PBXShellScriptBuildPhase section */
		039F000191E60918BAB1D370 /* [CP] Embed Pods Frameworks */ = {
			isa = PBXShellScriptBuildPhase;
			buildActionMask = 2147483647;
			files = (
			);
			inputPaths = (
				"${SRCROOT}/Pods/Target Support Files/Pods-WordCounterTests/Pods-WordCounterTests-frameworks.sh",
				"${BUILT_PRODUCTS_DIR}/RxSwift/RxSwift.framework",
				"${BUILT_PRODUCTS_DIR}/RxBlocking/RxBlocking.framework",
				"${BUILT_PRODUCTS_DIR}/RxTest/RxTest.framework",
			);
			name = "[CP] Embed Pods Frameworks";
			outputPaths = (
				"${TARGET_BUILD_DIR}/${FRAMEWORKS_FOLDER_PATH}/RxSwift.framework",
				"${TARGET_BUILD_DIR}/${FRAMEWORKS_FOLDER_PATH}/RxBlocking.framework",
				"${TARGET_BUILD_DIR}/${FRAMEWORKS_FOLDER_PATH}/RxTest.framework",
			);
			runOnlyForDeploymentPostprocessing = 0;
			shellPath = /bin/sh;
			shellScript = "\"${SRCROOT}/Pods/Target Support Files/Pods-WordCounterTests/Pods-WordCounterTests-frameworks.sh\"\n";
			showEnvVarsInLog = 0;
		};
		0AF0D93AA8362CC38DA27CC5 /* [CP] Check Pods Manifest.lock */ = {
			isa = PBXShellScriptBuildPhase;
			buildActionMask = 2147483647;
			files = (
			);
			inputPaths = (
				"${PODS_PODFILE_DIR_PATH}/Podfile.lock",
				"${PODS_ROOT}/Manifest.lock",
			);
			name = "[CP] Check Pods Manifest.lock";
			outputPaths = (
				"$(DERIVED_FILE_DIR)/Pods-WordCounterTests-checkManifestLockResult.txt",
			);
			runOnlyForDeploymentPostprocessing = 0;
			shellPath = /bin/sh;
			shellScript = "diff \"${PODS_PODFILE_DIR_PATH}/Podfile.lock\" \"${PODS_ROOT}/Manifest.lock\" > /dev/null\nif [ $? != 0 ] ; then\n    # print error to STDERR\n    echo \"error: The sandbox is not in sync with the Podfile.lock. Run 'pod install' or update your CocoaPods installation.\" >&2\n    exit 1\nfi\n# This output is used by Xcode 'outputs' to avoid re-running this script phase.\necho \"SUCCESS\" > \"${SCRIPT_OUTPUT_FILE_0}\"\n";
			showEnvVarsInLog = 0;
		};
		30194BAA708BA46EB3BE4D77 /* [CP] Copy Pods Resources */ = {
			isa = PBXShellScriptBuildPhase;
			buildActionMask = 2147483647;
			files = (
			);
			inputPaths = (
			);
			name = "[CP] Copy Pods Resources";
			outputPaths = (
			);
			runOnlyForDeploymentPostprocessing = 0;
			shellPath = /bin/sh;
			shellScript = "\"${SRCROOT}/Pods/Target Support Files/Pods-WordCounter/Pods-WordCounter-resources.sh\"\n";
			showEnvVarsInLog = 0;
		};
		397929237217AA4812B68C9F /* [CP] Embed Pods Frameworks */ = {
			isa = PBXShellScriptBuildPhase;
			buildActionMask = 2147483647;
			files = (
			);
			inputPaths = (
				"${SRCROOT}/Pods/Target Support Files/Pods-WordCounter/Pods-WordCounter-frameworks.sh",
				"${BUILT_PRODUCTS_DIR}/RxCocoa/RxCocoa.framework",
				"${BUILT_PRODUCTS_DIR}/RxSwift/RxSwift.framework",
			);
			name = "[CP] Embed Pods Frameworks";
			outputPaths = (
				"${TARGET_BUILD_DIR}/${FRAMEWORKS_FOLDER_PATH}/RxCocoa.framework",
				"${TARGET_BUILD_DIR}/${FRAMEWORKS_FOLDER_PATH}/RxSwift.framework",
			);
			runOnlyForDeploymentPostprocessing = 0;
			shellPath = /bin/sh;
			shellScript = "\"${SRCROOT}/Pods/Target Support Files/Pods-WordCounter/Pods-WordCounter-frameworks.sh\"\n";
			showEnvVarsInLog = 0;
		};
		965375A5217AACE693DFE4B9 /* [CP] Check Pods Manifest.lock */ = {
			isa = PBXShellScriptBuildPhase;
			buildActionMask = 2147483647;
			files = (
			);
			inputPaths = (
				"${PODS_PODFILE_DIR_PATH}/Podfile.lock",
				"${PODS_ROOT}/Manifest.lock",
			);
			name = "[CP] Check Pods Manifest.lock";
			outputPaths = (
				"$(DERIVED_FILE_DIR)/Pods-WordCounter-checkManifestLockResult.txt",
			);
			runOnlyForDeploymentPostprocessing = 0;
			shellPath = /bin/sh;
			shellScript = "diff \"${PODS_PODFILE_DIR_PATH}/Podfile.lock\" \"${PODS_ROOT}/Manifest.lock\" > /dev/null\nif [ $? != 0 ] ; then\n    # print error to STDERR\n    echo \"error: The sandbox is not in sync with the Podfile.lock. Run 'pod install' or update your CocoaPods installation.\" >&2\n    exit 1\nfi\n# This output is used by Xcode 'outputs' to avoid re-running this script phase.\necho \"SUCCESS\" > \"${SCRIPT_OUTPUT_FILE_0}\"\n";
			showEnvVarsInLog = 0;
		};
		9D4D81E656C4AB0BC80186EE /* [CP] Copy Pods Resources */ = {
			isa = PBXShellScriptBuildPhase;
			buildActionMask = 2147483647;
			files = (
			);
			inputPaths = (
			);
			name = "[CP] Copy Pods Resources";
			outputPaths = (
			);
			runOnlyForDeploymentPostprocessing = 0;
			shellPath = /bin/sh;
			shellScript = "\"${SRCROOT}/Pods/Target Support Files/Pods-WordCounterTests/Pods-WordCounterTests-resources.sh\"\n";
			showEnvVarsInLog = 0;
		};
/* End PBXShellScriptBuildPhase section */

/* Begin PBXSourcesBuildPhase section */
		691324772007125F006F3F25 /* Sources */ = {
			isa = PBXSourcesBuildPhase;
			buildActionMask = 2147483647;
			files = (
				69C44D502007F04B00C746EA /* SpeechsDataSource.swift in Sources */,
				69C44D3F2007EBEF00C746EA /* SpeechPresenter.swift in Sources */,
				69C44D292007E75200C746EA /* SpeechRouter.swift in Sources */,
				69C44D242007E64C00C746EA /* SpeechsViewController.swift in Sources */,
				69C44D412007EC0900C746EA /* SpeechAPI.swift in Sources */,
				691324812007125F006F3F25 /* ViewController.swift in Sources */,
				69C44D3D2007EBE300C746EA /* Speech.swift in Sources */,
				6913247F2007125F006F3F25 /* AppDelegate.swift in Sources */,
				69C44D3B2007EBDD00C746EA /* SpeechInteractor.swift in Sources */,
				69C44D1F2007E42D00C746EA /* SpeechModule.swift in Sources */,
				69C44D4E2007EDF300C746EA /* LanguageString.swift in Sources */,
				69C44D452007ECC800C746EA /* SpeechTableViewCell.swift in Sources */,
			);
			runOnlyForDeploymentPostprocessing = 0;
		};
		69C44D2C2007EA5600C746EA /* Sources */ = {
			isa = PBXSourcesBuildPhase;
			buildActionMask = 2147483647;
			files = (
				69C44D332007EA5600C746EA /* WordCounterTests.swift in Sources */,
			);
			runOnlyForDeploymentPostprocessing = 0;
		};
/* End PBXSourcesBuildPhase section */

/* Begin PBXTargetDependency section */
		69C44D362007EA5600C746EA /* PBXTargetDependency */ = {
			isa = PBXTargetDependency;
			target = 6913247A2007125F006F3F25 /* WordCounter */;
			targetProxy = 69C44D352007EA5600C746EA /* PBXContainerItemProxy */;
		};
/* End PBXTargetDependency section */

/* Begin PBXVariantGroup section */
		691324872007125F006F3F25 /* LaunchScreen.storyboard */ = {
			isa = PBXVariantGroup;
			children = (
				691324882007125F006F3F25 /* Base */,
			);
			name = LaunchScreen.storyboard;
			sourceTree = "<group>";
		};
		69C44D4B2007EDC500C746EA /* Localizable.strings */ = {
			isa = PBXVariantGroup;
			children = (
				69C44D4A2007EDC500C746EA /* en */,
			);
			name = Localizable.strings;
			sourceTree = "<group>";
		};
/* End PBXVariantGroup section */

/* Begin XCBuildConfiguration section */
		6913248B2007125F006F3F25 /* Debug */ = {
			isa = XCBuildConfiguration;
			buildSettings = {
				ALWAYS_SEARCH_USER_PATHS = NO;
				CLANG_ANALYZER_NONNULL = YES;
				CLANG_ANALYZER_NUMBER_OBJECT_CONVERSION = YES_AGGRESSIVE;
				CLANG_CXX_LANGUAGE_STANDARD = "gnu++14";
				CLANG_CXX_LIBRARY = "libc++";
				CLANG_ENABLE_MODULES = YES;
				CLANG_ENABLE_OBJC_ARC = YES;
				CLANG_WARN_BLOCK_CAPTURE_AUTORELEASING = YES;
				CLANG_WARN_BOOL_CONVERSION = YES;
				CLANG_WARN_COMMA = YES;
				CLANG_WARN_CONSTANT_CONVERSION = YES;
				CLANG_WARN_DIRECT_OBJC_ISA_USAGE = YES_ERROR;
				CLANG_WARN_DOCUMENTATION_COMMENTS = YES;
				CLANG_WARN_EMPTY_BODY = YES;
				CLANG_WARN_ENUM_CONVERSION = YES;
				CLANG_WARN_INFINITE_RECURSION = YES;
				CLANG_WARN_INT_CONVERSION = YES;
				CLANG_WARN_NON_LITERAL_NULL_CONVERSION = YES;
				CLANG_WARN_OBJC_LITERAL_CONVERSION = YES;
				CLANG_WARN_OBJC_ROOT_CLASS = YES_ERROR;
				CLANG_WARN_RANGE_LOOP_ANALYSIS = YES;
				CLANG_WARN_STRICT_PROTOTYPES = YES;
				CLANG_WARN_SUSPICIOUS_MOVE = YES;
				CLANG_WARN_UNGUARDED_AVAILABILITY = YES_AGGRESSIVE;
				CLANG_WARN_UNREACHABLE_CODE = YES;
				CLANG_WARN__DUPLICATE_METHOD_MATCH = YES;
				CODE_SIGN_IDENTITY = "iPhone Developer";
				COPY_PHASE_STRIP = NO;
				DEBUG_INFORMATION_FORMAT = dwarf;
				ENABLE_STRICT_OBJC_MSGSEND = YES;
				ENABLE_TESTABILITY = YES;
				GCC_C_LANGUAGE_STANDARD = gnu11;
				GCC_DYNAMIC_NO_PIC = NO;
				GCC_NO_COMMON_BLOCKS = YES;
				GCC_OPTIMIZATION_LEVEL = 0;
				GCC_PREPROCESSOR_DEFINITIONS = (
					"DEBUG=1",
					"$(inherited)",
				);
				GCC_WARN_64_TO_32_BIT_CONVERSION = YES;
				GCC_WARN_ABOUT_RETURN_TYPE = YES_ERROR;
				GCC_WARN_UNDECLARED_SELECTOR = YES;
				GCC_WARN_UNINITIALIZED_AUTOS = YES_AGGRESSIVE;
				GCC_WARN_UNUSED_FUNCTION = YES;
				GCC_WARN_UNUSED_VARIABLE = YES;
				IPHONEOS_DEPLOYMENT_TARGET = 11.2;
				MTL_ENABLE_DEBUG_INFO = YES;
				ONLY_ACTIVE_ARCH = YES;
				SDKROOT = iphoneos;
				SWIFT_ACTIVE_COMPILATION_CONDITIONS = DEBUG;
				SWIFT_OPTIMIZATION_LEVEL = "-Onone";
			};
			name = Debug;
		};
		6913248C2007125F006F3F25 /* Release */ = {
			isa = XCBuildConfiguration;
			buildSettings = {
				ALWAYS_SEARCH_USER_PATHS = NO;
				CLANG_ANALYZER_NONNULL = YES;
				CLANG_ANALYZER_NUMBER_OBJECT_CONVERSION = YES_AGGRESSIVE;
				CLANG_CXX_LANGUAGE_STANDARD = "gnu++14";
				CLANG_CXX_LIBRARY = "libc++";
				CLANG_ENABLE_MODULES = YES;
				CLANG_ENABLE_OBJC_ARC = YES;
				CLANG_WARN_BLOCK_CAPTURE_AUTORELEASING = YES;
				CLANG_WARN_BOOL_CONVERSION = YES;
				CLANG_WARN_COMMA = YES;
				CLANG_WARN_CONSTANT_CONVERSION = YES;
				CLANG_WARN_DIRECT_OBJC_ISA_USAGE = YES_ERROR;
				CLANG_WARN_DOCUMENTATION_COMMENTS = YES;
				CLANG_WARN_EMPTY_BODY = YES;
				CLANG_WARN_ENUM_CONVERSION = YES;
				CLANG_WARN_INFINITE_RECURSION = YES;
				CLANG_WARN_INT_CONVERSION = YES;
				CLANG_WARN_NON_LITERAL_NULL_CONVERSION = YES;
				CLANG_WARN_OBJC_LITERAL_CONVERSION = YES;
				CLANG_WARN_OBJC_ROOT_CLASS = YES_ERROR;
				CLANG_WARN_RANGE_LOOP_ANALYSIS = YES;
				CLANG_WARN_STRICT_PROTOTYPES = YES;
				CLANG_WARN_SUSPICIOUS_MOVE = YES;
				CLANG_WARN_UNGUARDED_AVAILABILITY = YES_AGGRESSIVE;
				CLANG_WARN_UNREACHABLE_CODE = YES;
				CLANG_WARN__DUPLICATE_METHOD_MATCH = YES;
				CODE_SIGN_IDENTITY = "iPhone Developer";
				COPY_PHASE_STRIP = NO;
				DEBUG_INFORMATION_FORMAT = "dwarf-with-dsym";
				ENABLE_NS_ASSERTIONS = NO;
				ENABLE_STRICT_OBJC_MSGSEND = YES;
				GCC_C_LANGUAGE_STANDARD = gnu11;
				GCC_NO_COMMON_BLOCKS = YES;
				GCC_WARN_64_TO_32_BIT_CONVERSION = YES;
				GCC_WARN_ABOUT_RETURN_TYPE = YES_ERROR;
				GCC_WARN_UNDECLARED_SELECTOR = YES;
				GCC_WARN_UNINITIALIZED_AUTOS = YES_AGGRESSIVE;
				GCC_WARN_UNUSED_FUNCTION = YES;
				GCC_WARN_UNUSED_VARIABLE = YES;
				IPHONEOS_DEPLOYMENT_TARGET = 11.2;
				MTL_ENABLE_DEBUG_INFO = NO;
				SDKROOT = iphoneos;
				SWIFT_OPTIMIZATION_LEVEL = "-Owholemodule";
				VALIDATE_PRODUCT = YES;
			};
			name = Release;
		};
		6913248E2007125F006F3F25 /* Debug */ = {
			isa = XCBuildConfiguration;
			baseConfigurationReference = AE8289364A46062089A417D7 /* Pods-WordCounter.debug.xcconfig */;
			buildSettings = {
				ASSETCATALOG_COMPILER_APPICON_NAME = AppIcon;
				CODE_SIGN_STYLE = Automatic;
				DEVELOPMENT_TEAM = QZ3WUP28G9;
				INFOPLIST_FILE = WordCounter/Info.plist;
				LD_RUNPATH_SEARCH_PATHS = "$(inherited) @executable_path/Frameworks";
				PRODUCT_BUNDLE_IDENTIFIER = AM.WordCounter;
				PRODUCT_NAME = "$(TARGET_NAME)";
				SWIFT_VERSION = 4.0;
				TARGETED_DEVICE_FAMILY = "1,2";
			};
			name = Debug;
		};
		6913248F2007125F006F3F25 /* Release */ = {
			isa = XCBuildConfiguration;
			baseConfigurationReference = 6EDCD248AE6D43DAE7CFB15C /* Pods-WordCounter.release.xcconfig */;
			buildSettings = {
				ASSETCATALOG_COMPILER_APPICON_NAME = AppIcon;
				CODE_SIGN_STYLE = Automatic;
				DEVELOPMENT_TEAM = QZ3WUP28G9;
				INFOPLIST_FILE = WordCounter/Info.plist;
				LD_RUNPATH_SEARCH_PATHS = "$(inherited) @executable_path/Frameworks";
				PRODUCT_BUNDLE_IDENTIFIER = AM.WordCounter;
				PRODUCT_NAME = "$(TARGET_NAME)";
				SWIFT_VERSION = 4.0;
				TARGETED_DEVICE_FAMILY = "1,2";
			};
			name = Release;
		};
		69C44D382007EA5600C746EA /* Debug */ = {
			isa = XCBuildConfiguration;
			baseConfigurationReference = BD6513A1A5CDFC3C33835ADD /* Pods-WordCounterTests.debug.xcconfig */;
			buildSettings = {
				BUNDLE_LOADER = "$(TEST_HOST)";
				CODE_SIGN_STYLE = Automatic;
				DEVELOPMENT_TEAM = QZ3WUP28G9;
				INFOPLIST_FILE = WordCounterTests/Info.plist;
				LD_RUNPATH_SEARCH_PATHS = "$(inherited) @executable_path/Frameworks @loader_path/Frameworks";
				PRODUCT_BUNDLE_IDENTIFIER = AM.WordCounterTests;
				PRODUCT_NAME = "$(TARGET_NAME)";
				SWIFT_VERSION = 4.0;
				TARGETED_DEVICE_FAMILY = "1,2";
				TEST_HOST = "$(BUILT_PRODUCTS_DIR)/WordCounter.app/WordCounter";
			};
			name = Debug;
		};
		69C44D392007EA5600C746EA /* Release */ = {
			isa = XCBuildConfiguration;
			baseConfigurationReference = 64D681F2F2CE42C22ECD42F8 /* Pods-WordCounterTests.release.xcconfig */;
			buildSettings = {
				BUNDLE_LOADER = "$(TEST_HOST)";
				CODE_SIGN_STYLE = Automatic;
				DEVELOPMENT_TEAM = QZ3WUP28G9;
				INFOPLIST_FILE = WordCounterTests/Info.plist;
				LD_RUNPATH_SEARCH_PATHS = "$(inherited) @executable_path/Frameworks @loader_path/Frameworks";
				PRODUCT_BUNDLE_IDENTIFIER = AM.WordCounterTests;
				PRODUCT_NAME = "$(TARGET_NAME)";
				SWIFT_VERSION = 4.0;
				TARGETED_DEVICE_FAMILY = "1,2";
				TEST_HOST = "$(BUILT_PRODUCTS_DIR)/WordCounter.app/WordCounter";
			};
			name = Release;
		};
/* End XCBuildConfiguration section */

/* Begin XCConfigurationList section */
		691324762007125F006F3F25 /* Build configuration list for PBXProject "WordCounter" */ = {
			isa = XCConfigurationList;
			buildConfigurations = (
				6913248B2007125F006F3F25 /* Debug */,
				6913248C2007125F006F3F25 /* Release */,
			);
			defaultConfigurationIsVisible = 0;
			defaultConfigurationName = Release;
		};
		6913248D2007125F006F3F25 /* Build configuration list for PBXNativeTarget "WordCounter" */ = {
			isa = XCConfigurationList;
			buildConfigurations = (
				6913248E2007125F006F3F25 /* Debug */,
				6913248F2007125F006F3F25 /* Release */,
			);
			defaultConfigurationIsVisible = 0;
			defaultConfigurationName = Release;
		};
		69C44D372007EA5600C746EA /* Build configuration list for PBXNativeTarget "WordCounterTests" */ = {
			isa = XCConfigurationList;
			buildConfigurations = (
				69C44D382007EA5600C746EA /* Debug */,
				69C44D392007EA5600C746EA /* Release */,
			);
			defaultConfigurationIsVisible = 0;
			defaultConfigurationName = Release;
		};
/* End XCConfigurationList section */
	};
	rootObject = 691324732007125F006F3F25 /* Project object */;
}
